// !$*UTF8*$!
{
	archiveVersion = 1;
	classes = {
	};
	objectVersion = 50;
	objects = {

/* Begin PBXBuildFile section */
		8D1CF2A62230CF5D001A7D6E /* MovieDetailsViewController.swift in Sources */ = {isa = PBXBuildFile; fileRef = 8D1CF2A52230CF5D001A7D6E /* MovieDetailsViewController.swift */; };
		8D1CF2A82230D7F4001A7D6E /* MovieGridViewController.swift in Sources */ = {isa = PBXBuildFile; fileRef = 8D1CF2A72230D7F4001A7D6E /* MovieGridViewController.swift */; };
		8D1CF2AA2230DD4D001A7D6E /* MovieGridCell.swift in Sources */ = {isa = PBXBuildFile; fileRef = 8D1CF2A92230DD4D001A7D6E /* MovieGridCell.swift */; };
		8D4FE40E221E3DE60040C14D /* MovieCell.swift in Sources */ = {isa = PBXBuildFile; fileRef = 8D4FE40D221E3DE60040C14D /* MovieCell.swift */; };
		8DE77B372219A7DE00EFB66C /* AppDelegate.swift in Sources */ = {isa = PBXBuildFile; fileRef = 8DE77B362219A7DE00EFB66C /* AppDelegate.swift */; };
		8DE77B3C2219A7DE00EFB66C /* Main.storyboard in Resources */ = {isa = PBXBuildFile; fileRef = 8DE77B3A2219A7DE00EFB66C /* Main.storyboard */; };
		8DE77B3E2219A7DF00EFB66C /* Assets.xcassets in Resources */ = {isa = PBXBuildFile; fileRef = 8DE77B3D2219A7DF00EFB66C /* Assets.xcassets */; };
		8DE77B412219A7DF00EFB66C /* LaunchScreen.storyboard in Resources */ = {isa = PBXBuildFile; fileRef = 8DE77B3F2219A7DF00EFB66C /* LaunchScreen.storyboard */; };
		8DE77B492219A8AD00EFB66C /* movieViewController.swift in Sources */ = {isa = PBXBuildFile; fileRef = 8DE77B482219A8AD00EFB66C /* movieViewController.swift */; };
		921612D8013B35DD907E9FAE /* Pods_movieScroll.framework in Frameworks */ = {isa = PBXBuildFile; fileRef = 3E58A8CD73E60011E8843FB7 /* Pods_movieScroll.framework */; };
/* End PBXBuildFile section */

/* Begin PBXFileReference section */
		3E58A8CD73E60011E8843FB7 /* Pods_movieScroll.framework */ = {isa = PBXFileReference; explicitFileType = wrapper.framework; includeInIndex = 0; path = Pods_movieScroll.framework; sourceTree = BUILT_PRODUCTS_DIR; };
		619045F69A48C24317CB4FB6 /* Pods-movieScroll.release.xcconfig */ = {isa = PBXFileReference; includeInIndex = 1; lastKnownFileType = text.xcconfig; name = "Pods-movieScroll.release.xcconfig"; path = "Target Support Files/Pods-movieScroll/Pods-movieScroll.release.xcconfig"; sourceTree = "<group>"; };
		8D1CF2A52230CF5D001A7D6E /* MovieDetailsViewController.swift */ = {isa = PBXFileReference; lastKnownFileType = sourcecode.swift; path = MovieDetailsViewController.swift; sourceTree = "<group>"; };
		8D1CF2A72230D7F4001A7D6E /* MovieGridViewController.swift */ = {isa = PBXFileReference; lastKnownFileType = sourcecode.swift; name = MovieGridViewController.swift; path = Assets.xcassets/MovieGridViewController.swift; sourceTree = "<group>"; };
		8D1CF2A92230DD4D001A7D6E /* MovieGridCell.swift */ = {isa = PBXFileReference; lastKnownFileType = sourcecode.swift; path = MovieGridCell.swift; sourceTree = "<group>"; };
		8D4FE40D221E3DE60040C14D /* MovieCell.swift */ = {isa = PBXFileReference; lastKnownFileType = sourcecode.swift; path = MovieCell.swift; sourceTree = "<group>"; };
		8DE77B332219A7DE00EFB66C /* movieScroll.app */ = {isa = PBXFileReference; explicitFileType = wrapper.application; includeInIndex = 0; path = movieScroll.app; sourceTree = BUILT_PRODUCTS_DIR; };
		8DE77B362219A7DE00EFB66C /* AppDelegate.swift */ = {isa = PBXFileReference; lastKnownFileType = sourcecode.swift; path = AppDelegate.swift; sourceTree = "<group>"; };
		8DE77B3B2219A7DE00EFB66C /* Base */ = {isa = PBXFileReference; lastKnownFileType = file.storyboard; name = Base; path = Base.lproj/Main.storyboard; sourceTree = "<group>"; };
		8DE77B3D2219A7DF00EFB66C /* Assets.xcassets */ = {isa = PBXFileReference; lastKnownFileType = folder.assetcatalog; path = Assets.xcassets; sourceTree = "<group>"; };
		8DE77B402219A7DF00EFB66C /* Base */ = {isa = PBXFileReference; lastKnownFileType = file.storyboard; name = Base; path = Base.lproj/LaunchScreen.storyboard; sourceTree = "<group>"; };
		8DE77B422219A7DF00EFB66C /* Info.plist */ = {isa = PBXFileReference; lastKnownFileType = text.plist.xml; path = Info.plist; sourceTree = "<group>"; };
		8DE77B482219A8AD00EFB66C /* movieViewController.swift */ = {isa = PBXFileReference; lastKnownFileType = sourcecode.swift; path = movieViewController.swift; sourceTree = "<group>"; };
		B21E83A76DF704C051187EFA /* Pods-movieScroll.debug.xcconfig */ = {isa = PBXFileReference; includeInIndex = 1; lastKnownFileType = text.xcconfig; name = "Pods-movieScroll.debug.xcconfig"; path = "Target Support Files/Pods-movieScroll/Pods-movieScroll.debug.xcconfig"; sourceTree = "<group>"; };
/* End PBXFileReference section */

/* Begin PBXFrameworksBuildPhase section */
		8DE77B302219A7DE00EFB66C /* Frameworks */ = {
			isa = PBXFrameworksBuildPhase;
			buildActionMask = 2147483647;
			files = (
				921612D8013B35DD907E9FAE /* Pods_movieScroll.framework in Frameworks */,
			);
			runOnlyForDeploymentPostprocessing = 0;
		};
/* End PBXFrameworksBuildPhase section */

/* Begin PBXGroup section */
		6CEE33F45F18C4C1EBF008F2 /* Frameworks */ = {
			isa = PBXGroup;
			children = (
				3E58A8CD73E60011E8843FB7 /* Pods_movieScroll.framework */,
			);
			name = Frameworks;
			sourceTree = "<group>";
		};
		8DE77B2A2219A7DE00EFB66C = {
			isa = PBXGroup;
			children = (
				8DE77B352219A7DE00EFB66C /* movieScroll */,
				8DE77B342219A7DE00EFB66C /* Products */,
				FA55A69EA219D5ADBE23047A /* Pods */,
				6CEE33F45F18C4C1EBF008F2 /* Frameworks */,
			);
			sourceTree = "<group>";
		};
		8DE77B342219A7DE00EFB66C /* Products */ = {
			isa = PBXGroup;
			children = (
				8DE77B332219A7DE00EFB66C /* movieScroll.app */,
			);
			name = Products;
			sourceTree = "<group>";
		};
		8DE77B352219A7DE00EFB66C /* movieScroll */ = {
			isa = PBXGroup;
			children = (
				8DE77B362219A7DE00EFB66C /* AppDelegate.swift */,
				8DE77B482219A8AD00EFB66C /* movieViewController.swift */,
				8DE77B3A2219A7DE00EFB66C /* Main.storyboard */,
				8DE77B3D2219A7DF00EFB66C /* Assets.xcassets */,
				8DE77B3F2219A7DF00EFB66C /* LaunchScreen.storyboard */,
				8DE77B422219A7DF00EFB66C /* Info.plist */,
				8D4FE40D221E3DE60040C14D /* MovieCell.swift */,
				8D1CF2A52230CF5D001A7D6E /* MovieDetailsViewController.swift */,
				8D1CF2A72230D7F4001A7D6E /* MovieGridViewController.swift */,
				8D1CF2A92230DD4D001A7D6E /* MovieGridCell.swift */,
			);
			path = movieScroll;
			sourceTree = "<group>";
		};
		FA55A69EA219D5ADBE23047A /* Pods */ = {
			isa = PBXGroup;
			children = (
				B21E83A76DF704C051187EFA /* Pods-movieScroll.debug.xcconfig */,
				619045F69A48C24317CB4FB6 /* Pods-movieScroll.release.xcconfig */,
			);
			path = Pods;
			sourceTree = "<group>";
		};
/* End PBXGroup section */

/* Begin PBXNativeTarget section */
		8DE77B322219A7DE00EFB66C /* movieScroll */ = {
			isa = PBXNativeTarget;
			buildConfigurationList = 8DE77B452219A7DF00EFB66C /* Build configuration list for PBXNativeTarget "movieScroll" */;
			buildPhases = (
				6A032112763C1889D8EB938E /* [CP] Check Pods Manifest.lock */,
				8DE77B2F2219A7DE00EFB66C /* Sources */,
				8DE77B302219A7DE00EFB66C /* Frameworks */,
				8DE77B312219A7DE00EFB66C /* Resources */,
				762DA0613840EA7C8FE44207 /* [CP] Embed Pods Frameworks */,
			);
			buildRules = (
			);
			dependencies = (
			);
			name = movieScroll;
			productName = movieScroll;
			productReference = 8DE77B332219A7DE00EFB66C /* movieScroll.app */;
			productType = "com.apple.product-type.application";
		};
/* End PBXNativeTarget section */

/* Begin PBXProject section */
		8DE77B2B2219A7DE00EFB66C /* Project object */ = {
			isa = PBXProject;
			attributes = {
				LastSwiftUpdateCheck = 1010;
				LastUpgradeCheck = 1010;
				ORGANIZATIONNAME = "Bishant Tripathi";
				TargetAttributes = {
					8DE77B322219A7DE00EFB66C = {
						CreatedOnToolsVersion = 10.1;
					};
				};
			};
			buildConfigurationList = 8DE77B2E2219A7DE00EFB66C /* Build configuration list for PBXProject "movieScroll" */;
			compatibilityVersion = "Xcode 9.3";
			developmentRegion = en;
			hasScannedForEncodings = 0;
			knownRegions = (
				en,
				Base,
			);
			mainGroup = 8DE77B2A2219A7DE00EFB66C;
			productRefGroup = 8DE77B342219A7DE00EFB66C /* Products */;
			projectDirPath = "";
			projectRoot = "";
			targets = (
				8DE77B322219A7DE00EFB66C /* movieScroll */,
			);
		};
/* End PBXProject section */

/* Begin PBXResourcesBuildPhase section */
		8DE77B312219A7DE00EFB66C /* Resources */ = {
			isa = PBXResourcesBuildPhase;
			buildActionMask = 2147483647;
			files = (
				8DE77B412219A7DF00EFB66C /* LaunchScreen.storyboard in Resources */,
				8DE77B3E2219A7DF00EFB66C /* Assets.xcassets in Resources */,
				8DE77B3C2219A7DE00EFB66C /* Main.storyboard in Resources */,
			);
			runOnlyForDeploymentPostprocessing = 0;
		};
/* End PBXResourcesBuildPhase section */

/* Begin PBXShellScriptBuildPhase section */
		6A032112763C1889D8EB938E /* [CP] Check Pods Manifest.lock */ = {
			isa = PBXShellScriptBuildPhase;
			buildActionMask = 2147483647;
			files = (
			);
			inputFileListPaths = (
			);
			inputPaths = (
				"${PODS_PODFILE_DIR_PATH}/Podfile.lock",
				"${PODS_ROOT}/Manifest.lock",
			);
			name = "[CP] Check Pods Manifest.lock";
			outputFileListPaths = (
			);
			outputPaths = (
				"$(DERIVED_FILE_DIR)/Pods-movieScroll-checkManifestLockResult.txt",
			);
			runOnlyForDeploymentPostprocessing = 0;
			shellPath = /bin/sh;
			shellScript = "diff \"${PODS_PODFILE_DIR_PATH}/Podfile.lock\" \"${PODS_ROOT}/Manifest.lock\" > /dev/null\nif [ $? != 0 ] ; then\n    # print error to STDERR\n    echo \"error: The sandbox is not in sync with the Podfile.lock. Run 'pod install' or update your CocoaPods installation.\" >&2\n    exit 1\nfi\n# This output is used by Xcode 'outputs' to avoid re-running this script phase.\necho \"SUCCESS\" > \"${SCRIPT_OUTPUT_FILE_0}\"\n";
			showEnvVarsInLog = 0;
		};
		762DA0613840EA7C8FE44207 /* [CP] Embed Pods Frameworks */ = {
			isa = PBXShellScriptBuildPhase;
			buildActionMask = 2147483647;
			files = (
			);
			inputFileListPaths = (
			);
			inputPaths = (
				"${PODS_ROOT}/Target Support Files/Pods-movieScroll/Pods-movieScroll-frameworks.sh",
				"${BUILT_PRODUCTS_DIR}/Alamofire/Alamofire.framework",
				"${BUILT_PRODUCTS_DIR}/AlamofireImage/AlamofireImage.framework",
			);
			name = "[CP] Embed Pods Frameworks";
			outputFileListPaths = (
			);
			outputPaths = (
				"${TARGET_BUILD_DIR}/${FRAMEWORKS_FOLDER_PATH}/Alamofire.framework",
				"${TARGET_BUILD_DIR}/${FRAMEWORKS_FOLDER_PATH}/AlamofireImage.framework",
			);
			runOnlyForDeploymentPostprocessing = 0;
			shellPath = /bin/sh;
			shellScript = "\"${PODS_ROOT}/Target Support Files/Pods-movieScroll/Pods-movieScroll-frameworks.sh\"\n";
			showEnvVarsInLog = 0;
		};
/* End PBXShellScriptBuildPhase section */

/* Begin PBXSourcesBuildPhase section */
		8DE77B2F2219A7DE00EFB66C /* Sources */ = {
			isa = PBXSourcesBuildPhase;
			buildActionMask = 2147483647;
			files = (
				8D1CF2A82230D7F4001A7D6E /* MovieGridViewController.swift in Sources */,
				8D1CF2A62230CF5D001A7D6E /* MovieDetailsViewController.swift in Sources */,
				8DE77B372219A7DE00EFB66C /* AppDelegate.swift in Sources */,
				8DE77B492219A8AD00EFB66C /* movieViewController.swift in Sources */,
				8D1CF2AA2230DD4D001A7D6E /* MovieGridCell.swift in Sources */,
				8D4FE40E221E3DE60040C14D /* MovieCell.swift in Sources */,
			);
			runOnlyForDeploymentPostprocessing = 0;
		};
/* End PBXSourcesBuildPhase section */

/* Begin PBXVariantGroup section */
		8DE77B3A2219A7DE00EFB66C /* Main.storyboard */ = {
			isa = PBXVariantGroup;
			children = (
				8DE77B3B2219A7DE00EFB66C /* Base */,
			);
			name = Main.storyboard;
			sourceTree = "<group>";
		};
		8DE77B3F2219A7DF00EFB66C /* LaunchScreen.storyboard */ = {
			isa = PBXVariantGroup;
			children = (
				8DE77B402219A7DF00EFB66C /* Base */,
			);
			name = LaunchScreen.storyboard;
			sourceTree = "<group>";
		};
/* End PBXVariantGroup section */

/* Begin XCBuildConfiguration section */
		8DE77B432219A7DF00EFB66C /* Debug */ = {
			isa = XCBuildConfiguration;
			buildSettings = {
				ALWAYS_SEARCH_USER_PATHS = NO;
				CLANG_ANALYZER_NONNULL = YES;
				CLANG_ANALYZER_NUMBER_OBJECT_CONVERSION = YES_AGGRESSIVE;
				CLANG_CXX_LANGUAGE_STANDARD = "gnu++14";
				CLANG_CXX_LIBRARY = "libc++";
				CLANG_ENABLE_MODULES = YES;
				CLANG_ENABLE_OBJC_ARC = YES;
				CLANG_ENABLE_OBJC_WEAK = YES;
				CLANG_WARN_BLOCK_CAPTURE_AUTORELEASING = YES;
				CLANG_WARN_BOOL_CONVERSION = YES;
				CLANG_WARN_COMMA = YES;
				CLANG_WARN_CONSTANT_CONVERSION = YES;
				CLANG_WARN_DEPRECATED_OBJC_IMPLEMENTATIONS = YES;
				CLANG_WARN_DIRECT_OBJC_ISA_USAGE = YES_ERROR;
				CLANG_WARN_DOCUMENTATION_COMMENTS = YES;
				CLANG_WARN_EMPTY_BODY = YES;
				CLANG_WARN_ENUM_CONVERSION = YES;
				CLANG_WARN_INFINITE_RECURSION = YES;
				CLANG_WARN_INT_CONVERSION = YES;
				CLANG_WARN_NON_LITERAL_NULL_CONVERSION = YES;
				CLANG_WARN_OBJC_IMPLICIT_RETAIN_SELF = YES;
				CLANG_WARN_OBJC_LITERAL_CONVERSION = YES;
				CLANG_WARN_OBJC_ROOT_CLASS = YES_ERROR;
				CLANG_WARN_RANGE_LOOP_ANALYSIS = YES;
				CLANG_WARN_STRICT_PROTOTYPES = YES;
				CLANG_WARN_SUSPICIOUS_MOVE = YES;
				CLANG_WARN_UNGUARDED_AVAILABILITY = YES_AGGRESSIVE;
				CLANG_WARN_UNREACHABLE_CODE = YES;
				CLANG_WARN__DUPLICATE_METHOD_MATCH = YES;
				CODE_SIGN_IDENTITY = "iPhone Developer";
				COPY_PHASE_STRIP = NO;
				DEBUG_INFORMATION_FORMAT = dwarf;
				ENABLE_STRICT_OBJC_MSGSEND = YES;
				ENABLE_TESTABILITY = YES;
				GCC_C_LANGUAGE_STANDARD = gnu11;
				GCC_DYNAMIC_NO_PIC = NO;
				GCC_NO_COMMON_BLOCKS = YES;
				GCC_OPTIMIZATION_LEVEL = 0;
				GCC_PREPROCESSOR_DEFINITIONS = (
					"DEBUG=1",
					"$(inherited)",
				);
				GCC_WARN_64_TO_32_BIT_CONVERSION = YES;
				GCC_WARN_ABOUT_RETURN_TYPE = YES_ERROR;
				GCC_WARN_UNDECLARED_SELECTOR = YES;
				GCC_WARN_UNINITIALIZED_AUTOS = YES_AGGRESSIVE;
				GCC_WARN_UNUSED_FUNCTION = YES;
				GCC_WARN_UNUSED_VARIABLE = YES;
				IPHONEOS_DEPLOYMENT_TARGET = 12.1;
				MTL_ENABLE_DEBUG_INFO = INCLUDE_SOURCE;
				MTL_FAST_MATH = YES;
				ONLY_ACTIVE_ARCH = YES;
				SDKROOT = iphoneos;
				SWIFT_ACTIVE_COMPILATION_CONDITIONS = DEBUG;
				SWIFT_OPTIMIZATION_LEVEL = "-Onone";
			};
			name = Debug;
		};
		8DE77B442219A7DF00EFB66C /* Release */ = {
			isa = XCBuildConfiguration;
			buildSettings = {
				ALWAYS_SEARCH_USER_PATHS = NO;
				CLANG_ANALYZER_NONNULL = YES;
				CLANG_ANALYZER_NUMBER_OBJECT_CONVERSION = YES_AGGRESSIVE;
				CLANG_CXX_LANGUAGE_STANDARD = "gnu++14";
				CLANG_CXX_LIBRARY = "libc++";
				CLANG_ENABLE_MODULES = YES;
				CLANG_ENABLE_OBJC_ARC = YES;
				CLANG_ENABLE_OBJC_WEAK = YES;
				CLANG_WARN_BLOCK_CAPTURE_AUTORELEASING = YES;
				CLANG_WARN_BOOL_CONVERSION = YES;
				CLANG_WARN_COMMA = YES;
				CLANG_WARN_CONSTANT_CONVERSION = YES;
				CLANG_WARN_DEPRECATED_OBJC_IMPLEMENTATIONS = YES;
				CLANG_WARN_DIRECT_OBJC_ISA_USAGE = YES_ERROR;
				CLANG_WARN_DOCUMENTATION_COMMENTS = YES;
				CLANG_WARN_EMPTY_BODY = YES;
				CLANG_WARN_ENUM_CONVERSION = YES;
				CLANG_WARN_INFINITE_RECURSION = YES;
				CLANG_WARN_INT_CONVERSION = YES;
				CLANG_WARN_NON_LITERAL_NULL_CONVERSION = YES;
				CLANG_WARN_OBJC_IMPLICIT_RETAIN_SELF = YES;
				CLANG_WARN_OBJC_LITERAL_CONVERSION = YES;
				CLANG_WARN_OBJC_ROOT_CLASS = YES_ERROR;
				CLANG_WARN_RANGE_LOOP_ANALYSIS = YES;
				CLANG_WARN_STRICT_PROTOTYPES = YES;
				CLANG_WARN_SUSPICIOUS_MOVE = YES;
				CLANG_WARN_UNGUARDED_AVAILABILITY = YES_AGGRESSIVE;
				CLANG_WARN_UNREACHABLE_CODE = YES;
				CLANG_WARN__DUPLICATE_METHOD_MATCH = YES;
				CODE_SIGN_IDENTITY = "iPhone Developer";
				COPY_PHASE_STRIP = NO;
				DEBUG_INFORMATION_FORMAT = "dwarf-with-dsym";
				ENABLE_NS_ASSERTIONS = NO;
				ENABLE_STRICT_OBJC_MSGSEND = YES;
				GCC_C_LANGUAGE_STANDARD = gnu11;
				GCC_NO_COMMON_BLOCKS = YES;
				GCC_WARN_64_TO_32_BIT_CONVERSION = YES;
				GCC_WARN_ABOUT_RETURN_TYPE = YES_ERROR;
				GCC_WARN_UNDECLARED_SELECTOR = YES;
				GCC_WARN_UNINITIALIZED_AUTOS = YES_AGGRESSIVE;
				GCC_WARN_UNUSED_FUNCTION = YES;
				GCC_WARN_UNUSED_VARIABLE = YES;
				IPHONEOS_DEPLOYMENT_TARGET = 12.1;
				MTL_ENABLE_DEBUG_INFO = NO;
				MTL_FAST_MATH = YES;
				SDKROOT = iphoneos;
				SWIFT_COMPILATION_MODE = wholemodule;
				SWIFT_OPTIMIZATION_LEVEL = "-O";
				VALIDATE_PRODUCT = YES;
			};
			name = Release;
		};
		8DE77B462219A7DF00EFB66C /* Debug */ = {
			isa = XCBuildConfiguration;
			baseConfigurationReference = B21E83A76DF704C051187EFA /* Pods-movieScroll.debug.xcconfig */;
			buildSettings = {
				ASSETCATALOG_COMPILER_APPICON_NAME = AppIcon;
				CODE_SIGN_STYLE = Automatic;
				DEVELOPMENT_TEAM = J3ZSZT4RGS;
				INFOPLIST_FILE = movieScroll/Info.plist;
				LD_RUNPATH_SEARCH_PATHS = (
					"$(inherited)",
					"@executable_path/Frameworks",
				);
				PRODUCT_BUNDLE_IDENTIFIER = bishantOrg.movieScroll;
				PRODUCT_NAME = "$(TARGET_NAME)";
				SWIFT_VERSION = 4.2;
				TARGETED_DEVICE_FAMILY = "1,2";
			};
			name = Debug;
		};
		8DE77B472219A7DF00EFB66C /* Release */ = {
			isa = XCBuildConfiguration;
			baseConfigurationReference = 619045F69A48C24317CB4FB6 /* Pods-movieScroll.release.xcconfig */;
			buildSettings = {
				ASSETCATALOG_COMPILER_APPICON_NAME = AppIcon;
				CODE_SIGN_STYLE = Automatic;
				DEVELOPMENT_TEAM = J3ZSZT4RGS;
				INFOPLIST_FILE = movieScroll/Info.plist;
				LD_RUNPATH_SEARCH_PATHS = (
					"$(inherited)",
					"@executable_path/Frameworks",
				);
				PRODUCT_BUNDLE_IDENTIFIER = bishantOrg.movieScroll;
				PRODUCT_NAME = "$(TARGET_NAME)";
				SWIFT_VERSION = 4.2;
				TARGETED_DEVICE_FAMILY = "1,2";
			};
			name = Release;
		};
/* End XCBuildConfiguration section */

/* Begin XCConfigurationList section */
		8DE77B2E2219A7DE00EFB66C /* Build configuration list for PBXProject "movieScroll" */ = {
			isa = XCConfigurationList;
			buildConfigurations = (
				8DE77B432219A7DF00EFB66C /* Debug */,
				8DE77B442219A7DF00EFB66C /* Release */,
			);
			defaultConfigurationIsVisible = 0;
			defaultConfigurationName = Release;
		};
		8DE77B452219A7DF00EFB66C /* Build configuration list for PBXNativeTarget "movieScroll" */ = {
			isa = XCConfigurationList;
			buildConfigurations = (
				8DE77B462219A7DF00EFB66C /* Debug */,
				8DE77B472219A7DF00EFB66C /* Release */,
			);
			defaultConfigurationIsVisible = 0;
			defaultConfigurationName = Release;
		};
/* End XCConfigurationList section */
	};
	rootObject = 8DE77B2B2219A7DE00EFB66C /* Project object */;
}
